// !$*UTF8*$!
{
	archiveVersion = 1;
	classes = {
	};
	objectVersion = 52;
	objects = {

/* Begin PBXBuildFile section */
		1E776CB923B6078B00405EFB /* main.swift in Sources */ = {isa = PBXBuildFile; fileRef = 1E776CB823B6078B00405EFB /* main.swift */; };
		1E776CC323B608E500405EFB /* ulogger.swift in Sources */ = {isa = PBXBuildFile; fileRef = 1E776CC223B608E500405EFB /* ulogger.swift */; };
		1E776CC623B66DDE00405EFB /* SPMUtility in Frameworks */ = {isa = PBXBuildFile; productRef = 1E776CC523B66DDE00405EFB /* SPMUtility */; };
/* End PBXBuildFile section */

/* Begin PBXCopyFilesBuildPhase section */
		1E776CB323B6078B00405EFB /* CopyFiles */ = {
			isa = PBXCopyFilesBuildPhase;
			buildActionMask = 2147483647;
			dstPath = /usr/share/man/man1/;
			dstSubfolderSpec = 0;
			files = (
			);
			runOnlyForDeploymentPostprocessing = 1;
		};
/* End PBXCopyFilesBuildPhase section */

/* Begin PBXFileReference section */
		1E776CB523B6078B00405EFB /* ulogger */ = {isa = PBXFileReference; explicitFileType = "compiled.mach-o.executable"; includeInIndex = 0; path = ulogger; sourceTree = BUILT_PRODUCTS_DIR; };
		1E776CB823B6078B00405EFB /* main.swift */ = {isa = PBXFileReference; lastKnownFileType = sourcecode.swift; path = main.swift; sourceTree = "<group>"; };
		1E776CC223B608E500405EFB /* ulogger.swift */ = {isa = PBXFileReference; lastKnownFileType = sourcecode.swift; path = ulogger.swift; sourceTree = "<group>"; };
		1EB8AAFD24392D1D005570EB /* README.md */ = {isa = PBXFileReference; fileEncoding = 4; lastKnownFileType = net.daringfireball.markdown; path = README.md; sourceTree = "<group>"; };
/* End PBXFileReference section */

/* Begin PBXFrameworksBuildPhase section */
		1E776CB223B6078B00405EFB /* Frameworks */ = {
			isa = PBXFrameworksBuildPhase;
			buildActionMask = 2147483647;
			files = (
				1E776CC623B66DDE00405EFB /* SPMUtility in Frameworks */,
			);
			runOnlyForDeploymentPostprocessing = 0;
		};
/* End PBXFrameworksBuildPhase section */

/* Begin PBXGroup section */
		1E776CAC23B6078B00405EFB = {
			isa = PBXGroup;
			children = (
				1EB8AAFD24392D1D005570EB /* README.md */,
				1E776CB723B6078B00405EFB /* ulogger */,
				1E776CB623B6078B00405EFB /* Products */,
			);
			sourceTree = "<group>";
		};
		1E776CB623B6078B00405EFB /* Products */ = {
			isa = PBXGroup;
			children = (
				1E776CB523B6078B00405EFB /* ulogger */,
			);
			name = Products;
			sourceTree = "<group>";
		};
		1E776CB723B6078B00405EFB /* ulogger */ = {
			isa = PBXGroup;
			children = (
				1E776CB823B6078B00405EFB /* main.swift */,
				1E776CC223B608E500405EFB /* ulogger.swift */,
			);
			path = ulogger;
			sourceTree = "<group>";
		};
/* End PBXGroup section */

/* Begin PBXNativeTarget section */
		1E776CB423B6078B00405EFB /* ulogger */ = {
			isa = PBXNativeTarget;
			buildConfigurationList = 1E776CBC23B6078B00405EFB /* Build configuration list for PBXNativeTarget "ulogger" */;
			buildPhases = (
				1E776CB123B6078B00405EFB /* Sources */,
				1E776CB223B6078B00405EFB /* Frameworks */,
				1E776CB323B6078B00405EFB /* CopyFiles */,
			);
			buildRules = (
			);
			dependencies = (
			);
			name = ulogger;
			packageProductDependencies = (
				1E776CC523B66DDE00405EFB /* SPMUtility */,
			);
			productName = ulogger;
			productReference = 1E776CB523B6078B00405EFB /* ulogger */;
			productType = "com.apple.product-type.tool";
		};
/* End PBXNativeTarget section */

/* Begin PBXProject section */
		1E776CAD23B6078B00405EFB /* Project object */ = {
			isa = PBXProject;
			attributes = {
				LastSwiftUpdateCheck = 1130;
				LastUpgradeCheck = 1130;
				ORGANIZATIONNAME = "Mark Fink";
				TargetAttributes = {
					1E776CB423B6078B00405EFB = {
						CreatedOnToolsVersion = 11.3;
					};
				};
			};
			buildConfigurationList = 1E776CB023B6078B00405EFB /* Build configuration list for PBXProject "ulogger" */;
			compatibilityVersion = "Xcode 9.3";
			developmentRegion = en;
			hasScannedForEncodings = 0;
			knownRegions = (
				en,
				Base,
			);
			mainGroup = 1E776CAC23B6078B00405EFB;
			packageReferences = (
				1E776CC423B66DDE00405EFB /* XCRemoteSwiftPackageReference "swift-package-manager" */,
			);
			productRefGroup = 1E776CB623B6078B00405EFB /* Products */;
			projectDirPath = "";
			projectRoot = "";
			targets = (
				1E776CB423B6078B00405EFB /* ulogger */,
			);
		};
/* End PBXProject section */

/* Begin PBXSourcesBuildPhase section */
		1E776CB123B6078B00405EFB /* Sources */ = {
			isa = PBXSourcesBuildPhase;
			buildActionMask = 2147483647;
			files = (
				1E776CB923B6078B00405EFB /* main.swift in Sources */,
				1E776CC323B608E500405EFB /* ulogger.swift in Sources */,
			);
			runOnlyForDeploymentPostprocessing = 0;
		};
/* End PBXSourcesBuildPhase section */

/* Begin XCBuildConfiguration section */
		1E776CBA23B6078B00405EFB /* Debug */ = {
			isa = XCBuildConfiguration;
			buildSettings = {
				ALWAYS_SEARCH_USER_PATHS = NO;
				CLANG_ANALYZER_NONNULL = YES;
				CLANG_ANALYZER_NUMBER_OBJECT_CONVERSION = YES_AGGRESSIVE;
				CLANG_CXX_LANGUAGE_STANDARD = "gnu++14";
				CLANG_CXX_LIBRARY = "libc++";
				CLANG_ENABLE_MODULES = YES;
				CLANG_ENABLE_OBJC_ARC = YES;
				CLANG_ENABLE_OBJC_WEAK = YES;
				CLANG_WARN_BLOCK_CAPTURE_AUTORELEASING = YES;
				CLANG_WARN_BOOL_CONVERSION = YES;
				CLANG_WARN_COMMA = YES;
				CLANG_WARN_CONSTANT_CONVERSION = YES;
				CLANG_WARN_DEPRECATED_OBJC_IMPLEMENTATIONS = YES;
				CLANG_WARN_DIRECT_OBJC_ISA_USAGE = YES_ERROR;
				CLANG_WARN_DOCUMENTATION_COMMENTS = YES;
				CLANG_WARN_EMPTY_BODY = YES;
				CLANG_WARN_ENUM_CONVERSION = YES;
				CLANG_WARN_INFINITE_RECURSION = YES;
				CLANG_WARN_INT_CONVERSION = YES;
				CLANG_WARN_NON_LITERAL_NULL_CONVERSION = YES;
				CLANG_WARN_OBJC_IMPLICIT_RETAIN_SELF = YES;
				CLANG_WARN_OBJC_LITERAL_CONVERSION = YES;
				CLANG_WARN_OBJC_ROOT_CLASS = YES_ERROR;
				CLANG_WARN_RANGE_LOOP_ANALYSIS = YES;
				CLANG_WARN_STRICT_PROTOTYPES = YES;
				CLANG_WARN_SUSPICIOUS_MOVE = YES;
				CLANG_WARN_UNGUARDED_AVAILABILITY = YES_AGGRESSIVE;
				CLANG_WARN_UNREACHABLE_CODE = YES;
				CLANG_WARN__DUPLICATE_METHOD_MATCH = YES;
				COPY_PHASE_STRIP = NO;
				DEBUG_INFORMATION_FORMAT = dwarf;
				ENABLE_STRICT_OBJC_MSGSEND = YES;
				ENABLE_TESTABILITY = YES;
				GCC_C_LANGUAGE_STANDARD = gnu11;
				GCC_DYNAMIC_NO_PIC = NO;
				GCC_NO_COMMON_BLOCKS = YES;
				GCC_OPTIMIZATION_LEVEL = 0;
				GCC_PREPROCESSOR_DEFINITIONS = (
					"DEBUG=1",
					"$(inherited)",
				);
				GCC_WARN_64_TO_32_BIT_CONVERSION = YES;
				GCC_WARN_ABOUT_RETURN_TYPE = YES_ERROR;
				GCC_WARN_UNDECLARED_SELECTOR = YES;
				GCC_WARN_UNINITIALIZED_AUTOS = YES_AGGRESSIVE;
				GCC_WARN_UNUSED_FUNCTION = YES;
				GCC_WARN_UNUSED_VARIABLE = YES;
				MACOSX_DEPLOYMENT_TARGET = 10.14;
				MTL_ENABLE_DEBUG_INFO = INCLUDE_SOURCE;
				MTL_FAST_MATH = YES;
				ONLY_ACTIVE_ARCH = YES;
				SDKROOT = macosx;
				STRIP_INSTALLED_PRODUCT = YES;
				SWIFT_ACTIVE_COMPILATION_CONDITIONS = DEBUG;
				SWIFT_OPTIMIZATION_LEVEL = "-Onone";
			};
			name = Debug;
		};
		1E776CBB23B6078B00405EFB /* Release */ = {
			isa = XCBuildConfiguration;
			buildSettings = {
				ALWAYS_SEARCH_USER_PATHS = NO;
				CLANG_ANALYZER_NONNULL = YES;
				CLANG_ANALYZER_NUMBER_OBJECT_CONVERSION = YES_AGGRESSIVE;
				CLANG_CXX_LANGUAGE_STANDARD = "gnu++14";
				CLANG_CXX_LIBRARY = "libc++";
				CLANG_ENABLE_MODULES = YES;
				CLANG_ENABLE_OBJC_ARC = YES;
				CLANG_ENABLE_OBJC_WEAK = YES;
				CLANG_WARN_BLOCK_CAPTURE_AUTORELEASING = YES;
				CLANG_WARN_BOOL_CONVERSION = YES;
				CLANG_WARN_COMMA = YES;
				CLANG_WARN_CONSTANT_CONVERSION = YES;
				CLANG_WARN_DEPRECATED_OBJC_IMPLEMENTATIONS = YES;
				CLANG_WARN_DIRECT_OBJC_ISA_USAGE = YES_ERROR;
				CLANG_WARN_DOCUMENTATION_COMMENTS = YES;
				CLANG_WARN_EMPTY_BODY = YES;
				CLANG_WARN_ENUM_CONVERSION = YES;
				CLANG_WARN_INFINITE_RECURSION = YES;
				CLANG_WARN_INT_CONVERSION = YES;
				CLANG_WARN_NON_LITERAL_NULL_CONVERSION = YES;
				CLANG_WARN_OBJC_IMPLICIT_RETAIN_SELF = YES;
				CLANG_WARN_OBJC_LITERAL_CONVERSION = YES;
				CLANG_WARN_OBJC_ROOT_CLASS = YES_ERROR;
				CLANG_WARN_RANGE_LOOP_ANALYSIS = YES;
				CLANG_WARN_STRICT_PROTOTYPES = YES;
				CLANG_WARN_SUSPICIOUS_MOVE = YES;
				CLANG_WARN_UNGUARDED_AVAILABILITY = YES_AGGRESSIVE;
				CLANG_WARN_UNREACHABLE_CODE = YES;
				CLANG_WARN__DUPLICATE_METHOD_MATCH = YES;
				COPY_PHASE_STRIP = NO;
				DEBUG_INFORMATION_FORMAT = "dwarf-with-dsym";
				ENABLE_NS_ASSERTIONS = NO;
				ENABLE_STRICT_OBJC_MSGSEND = YES;
				GCC_C_LANGUAGE_STANDARD = gnu11;
				GCC_NO_COMMON_BLOCKS = YES;
				GCC_WARN_64_TO_32_BIT_CONVERSION = YES;
				GCC_WARN_ABOUT_RETURN_TYPE = YES_ERROR;
				GCC_WARN_UNDECLARED_SELECTOR = YES;
				GCC_WARN_UNINITIALIZED_AUTOS = YES_AGGRESSIVE;
				GCC_WARN_UNUSED_FUNCTION = YES;
				GCC_WARN_UNUSED_VARIABLE = YES;
				MACOSX_DEPLOYMENT_TARGET = 10.14;
				MTL_ENABLE_DEBUG_INFO = NO;
				MTL_FAST_MATH = YES;
				SDKROOT = macosx;
				STRIP_INSTALLED_PRODUCT = YES;
				SWIFT_COMPILATION_MODE = wholemodule;
				SWIFT_OPTIMIZATION_LEVEL = "-O";
			};
			name = Release;
		};
		1E776CBD23B6078B00405EFB /* Debug */ = {
			isa = XCBuildConfiguration;
			buildSettings = {
				ALTERNATE_GROUP = admin;
				CODE_SIGN_IDENTITY = "-";
				CODE_SIGN_STYLE = Automatic;
				DEPLOYMENT_LOCATION = NO;
				DEPLOYMENT_POSTPROCESSING = YES;
				INSTALL_GROUP = admin;
				PRODUCT_NAME = "$(TARGET_NAME)";
				SWIFT_VERSION = 5.0;
			};
			name = Debug;
		};
		1E776CBE23B6078B00405EFB /* Release */ = {
			isa = XCBuildConfiguration;
			buildSettings = {
				ALTERNATE_GROUP = admin;
				CODE_SIGN_IDENTITY = "-";
				CODE_SIGN_STYLE = Automatic;
				DEPLOYMENT_LOCATION = NO;
				DEPLOYMENT_POSTPROCESSING = YES;
				INSTALL_GROUP = admin;
				PRODUCT_NAME = "$(TARGET_NAME)";
				SWIFT_VERSION = 5.0;
			};
			name = Release;
		};
/* End XCBuildConfiguration section */

/* Begin XCConfigurationList section */
		1E776CB023B6078B00405EFB /* Build configuration list for PBXProject "ulogger" */ = {
			isa = XCConfigurationList;
			buildConfigurations = (
				1E776CBA23B6078B00405EFB /* Debug */,
				1E776CBB23B6078B00405EFB /* Release */,
			);
			defaultConfigurationIsVisible = 0;
			defaultConfigurationName = Release;
		};
		1E776CBC23B6078B00405EFB /* Build configuration list for PBXNativeTarget "ulogger" */ = {
			isa = XCConfigurationList;
			buildConfigurations = (
				1E776CBD23B6078B00405EFB /* Debug */,
				1E776CBE23B6078B00405EFB /* Release */,
			);
			defaultConfigurationIsVisible = 0;
			defaultConfigurationName = Release;
		};
/* End XCConfigurationList section */

/* Begin XCRemoteSwiftPackageReference section */
		1E776CC423B66DDE00405EFB /* XCRemoteSwiftPackageReference "swift-package-manager" */ = {
			isa = XCRemoteSwiftPackageReference;
			repositoryURL = "https://github.com/apple/swift-package-manager.git";
			requirement = {
				kind = upToNextMajorVersion;
				minimumVersion = 0.5.0;
			};
		};
/* End XCRemoteSwiftPackageReference section */

/* Begin XCSwiftPackageProductDependency section */
		1E776CC523B66DDE00405EFB /* SPMUtility */ = {
			isa = XCSwiftPackageProductDependency;
			package = 1E776CC423B66DDE00405EFB /* XCRemoteSwiftPackageReference "swift-package-manager" */;
			productName = SPMUtility;
		};
/* End XCSwiftPackageProductDependency section */
	};
	rootObject = 1E776CAD23B6078B00405EFB /* Project object */;
}
